
Microsoft Visual Studio Solution File, Format Version 12.00
# Visual Studio Version 16
VisualStudioVersion = 16.0.29020.237
MinimumVisualStudioVersion = 10.0.40219.1
Project("{888888A0-9F3D-457C-B088-3A5042F75D52}") = "CodinGameCoderStrikeBack", "CodinGameCoderStrikeBack.pyproj", "{7A5558C1-9C05-4AC4-9622-8CDA773A6E6F}"
EndProject
Global
	GlobalSection(SolutionConfigurationPlatforms) = preSolution
		Debug|Any CPU = Debug|Any CPU
		Release|Any CPU = Release|Any CPU
	EndGlobalSection
	GlobalSection(ProjectConfigurationPlatforms) = postSolution
		{7A5558C1-9C05-4AC4-9622-8CDA773A6E6F}.Debug|Any CPU.ActiveCfg = Debug|Any CPU
		{7A5558C1-9C05-4AC4-9622-8CDA773A6E6F}.Release|Any CPU.ActiveCfg = Release|Any CPU
	EndGlobalSection
	GlobalSection(SolutionProperties) = preSolution
		HideSolutionNode = FALSE
	EndGlobalSection
	GlobalSection(ExtensibilityGlobals) = postSolution
		SolutionGuid = {EAD47D08-7B0A-4B14-B2FC-0AC9B90EF6F6}
	EndGlobalSection
EndGlobal
